--only-binary=:all:
Pillow==12.0.0 \
    --hash=sha256:0fd00cac9c03256c8b2ff58f162ebcd2587ad3e1f2e397eab718c47e24d231cc \
    --hash=sha256:a3475b96f5908b3b16c47533daaa87380c491357d197564e0ba34ae75c0f3257 \
    --hash=sha256:110486b79f2d112cf6add83b28b627e369219388f64ef2f960fef9ebaf54c642 \
    --hash=sha256:5269cc1caeedb67e6f7269a42014f381f45e2e7cd42d834ede3c703a1d915fe3 \
    --hash=sha256:aa5129de4e174daccbc59d0a3b6d20eaf24417d59851c07ebb37aeb02947987c \
    --hash=sha256:bee2a6db3a7242ea309aa7ee8e2780726fed67ff4e5b40169f2c940e7eb09227 \
    --hash=sha256:b583dc9070312190192631373c6c8ed277254aa6e6084b74bdd0a6d3b221608e \
    --hash=sha256:759de84a33be3b178a64c8ba28ad5c135900359e85fb662bc6e403ad4407791d \
    --hash=sha256:53561a4ddc36facb432fae7a9d8afbfaf94795414f5cdc5fc52f28c1dca90371 \
    --hash=sha256:71db6b4c1653045dacc1585c1b0d184004f0d7e694c7b34ac165ca70c0838082 \
    --hash=sha256:2fa5f0b6716fc88f11380b88b31fe591a06c6315e955c096c35715788b339e3f \
    --hash=sha256:82240051c6ca513c616f7f9da06e871f61bfd7805f566275841af15015b8f98d \
    --hash=sha256:55f818bd74fe2f11d4d7cbc65880a843c4075e0ac7226bc1a23261dbea531953 \
    --hash=sha256:b87843e225e74576437fd5b6a4c2205d422754f84a06942cfaf1dc32243e45a8 \
    --hash=sha256:9fe611163f6303d1619bbcb653540a4d60f9e55e622d60a3108be0d5b441017a \
    --hash=sha256:7dfb439562f234f7d57b1ac6bc8fe7f838a4bd49c79230e0f6a1da93e82f1fad \
    --hash=sha256:c50f36a62a22d350c96e49ad02d0da41dbd17ddc2e29750dbdba4323f85eb4a5 \
    --hash=sha256:5193fde9a5f23c331ea26d0cf171fbf67e3f247585f50c08b3e205c7aeb4589b \
    --hash=sha256:bde737cff1a975b70652b62d626f7785e0480918dece11e8fef3c0cf057351c3 \
    --hash=sha256:a6597ff2b61d121172f5844b53f21467f7082f5fb385a9a29c01414463f93b07 \
    --hash=sha256:0b817e7035ea7f6b942c13aa03bb554fc44fea70838ea21f8eb31c638326584e \
    --hash=sha256:f4f1231b7dec408e8670264ce63e9c71409d9583dd21d32c163e25213ee2a344 \
    --hash=sha256:4cf7fed4b4580601c4345ceb5d4cbf5a980d030fd5ad07c4d2ec589f95f09905 \
    --hash=sha256:9f0b04c6b8584c2c193babcccc908b38ed29524b29dd464bc8801bf10d746a3a
numpy==2.4.1 \
    --hash=sha256:0cce2a669e3c8ba02ee563c7835f92c153cf02edff1ae05e1823f1dde21b16a5 \
    --hash=sha256:899d2c18024984814ac7e83f8f49d8e8180e2fbe1b2e252f2e7f1d06bea92425 \
    --hash=sha256:09aa8a87e45b55a1c2c205d42e2808849ece5c484b2aab11fecabec3841cafba \
    --hash=sha256:edee228f76ee2dab4579fad6f51f6a305de09d444280109e0f75df247ff21501 \
    --hash=sha256:a92f227dbcdc9e4c3e193add1a189a9909947d4f8504c576f4a732fd0b54240a \
    --hash=sha256:538bf4ec353709c765ff75ae616c34d3c3dca1a68312727e8f2676ea644f8509 \
    --hash=sha256:18e14c4d09d55eef39a6ab5b08406e84bc6869c1e34eef45564804f90b7e0574 \
    --hash=sha256:6461de5113088b399d655d45c3897fa188766415d0f568f175ab071c8873bd73 \
    --hash=sha256:d3703409aac693fa82c0aee023a1ae06a6e9d065dba10f5e8e80f642f1e9d0a2 \
    --hash=sha256:7211b95ca365519d3596a1d8688a95874cc94219d417504d9ecb2df99fa7bfa8 \
    --hash=sha256:5adf01965456a664fc727ed69cc71848f28d063217c63e1a0e200a118d5eec9a \
    --hash=sha256:26f0bcd9c79a00e339565b303badc74d3ea2bd6d52191eeca5f95936cad107d0 \
    --hash=sha256:0093e85df2960d7e4049664b26afc58b03236e967fb942354deef3208857a04c \
    --hash=sha256:7ad270f438cbdd402c364980317fb6b117d9ec5e226fff5b4148dd9aa9fc6e02 \
    --hash=sha256:e1a27bb1b2dee45a2a53f5ca6ff2d1a7f135287883a1689e930d44d1ff296c87 \
    --hash=sha256:0e6e8f9d9ecf95399982019c01223dc130542960a12edfa8edd1122dfa66a8a8 \
    --hash=sha256:d797454e37570cfd61143b73b8debd623c3c0952959adb817dd310a483d58a1b \
    --hash=sha256:82c55962006156aeef1629b953fd359064aa47e4d82cfc8e67f0918f7da3344f \
    --hash=sha256:71abbea030f2cfc3092a0ff9f8c8fdefdc5e0bf7d9d9c99663538bb0ecdac0b9 \
    --hash=sha256:5b55aa56165b17aaf15520beb9cbd33c9039810e0d9643dd4379e44294c7303e \
    --hash=sha256:c0faba4a331195bfa96f93dd9dfaa10b2c7aa8cda3a02b7fd635e588fe821bf5 \
    --hash=sha256:d3e3087f53e2b4428766b54932644d148613c5a595150533ae7f00dab2f319a8 \
    --hash=sha256:92a0e65272fd60bfa0d9278e0484c2f52fe03b97aedc02b357f33fe752c52ffb \
    --hash=sha256:20d4649c773f66cc2fc36f663e091f57c3b7655f936a4c681b4250855d1da8f5

